
Microsoft Visual Studio Solution File, Format Version 12.00
# Visual Studio Version 17
VisualStudioVersion = 17.7.34221.43
MinimumVisualStudioVersion = 10.0.40219.1
Project("{FAE04EC0-301F-11D3-BF4B-00C04F79EFBC}") = "JewelsandStones", "JewelsandStones.csproj", "{67888186-CC2A-4903-8B80-C2160E3DB0D9}"
EndProject
Global
	GlobalSection(SolutionConfigurationPlatforms) = preSolution
		Debug|Any CPU = Debug|Any CPU
		Release|Any CPU = Release|Any CPU
	EndGlobalSection
	GlobalSection(ProjectConfigurationPlatforms) = postSolution
		{67888186-CC2A-4903-8B80-C2160E3DB0D9}.Debug|Any CPU.ActiveCfg = Debug|Any CPU
		{67888186-CC2A-4903-8B80-C2160E3DB0D9}.Debug|Any CPU.Build.0 = Debug|Any CPU
		{67888186-CC2A-4903-8B80-C2160E3DB0D9}.Release|Any CPU.ActiveCfg = Release|Any CPU
		{67888186-CC2A-4903-8B80-C2160E3DB0D9}.Release|Any CPU.Build.0 = Release|Any CPU
	EndGlobalSection
	GlobalSection(SolutionProperties) = preSolution
		HideSolutionNode = FALSE
	EndGlobalSection
	GlobalSection(ExtensibilityGlobals) = postSolution
		SolutionGuid = {E0E0B21F-0B22-40BE-AA37-0C0B51862EFF}
	EndGlobalSection
EndGlobal
