
Microsoft Visual Studio Solution File, Format Version 12.00
# Visual Studio Version 17
VisualStudioVersion = 17.7.34221.43
MinimumVisualStudioVersion = 10.0.40219.1
Project("{FAE04EC0-301F-11D3-BF4B-00C04F79EFBC}") = "ContainsDuplicateII", "ContainsDuplicateII.csproj", "{2380F670-D01E-4364-AEA5-023E24F98B6D}"
EndProject
Global
	GlobalSection(SolutionConfigurationPlatforms) = preSolution
		Debug|Any CPU = Debug|Any CPU
		Release|Any CPU = Release|Any CPU
	EndGlobalSection
	GlobalSection(ProjectConfigurationPlatforms) = postSolution
		{2380F670-D01E-4364-AEA5-023E24F98B6D}.Debug|Any CPU.ActiveCfg = Debug|Any CPU
		{2380F670-D01E-4364-AEA5-023E24F98B6D}.Debug|Any CPU.Build.0 = Debug|Any CPU
		{2380F670-D01E-4364-AEA5-023E24F98B6D}.Release|Any CPU.ActiveCfg = Release|Any CPU
		{2380F670-D01E-4364-AEA5-023E24F98B6D}.Release|Any CPU.Build.0 = Release|Any CPU
	EndGlobalSection
	GlobalSection(SolutionProperties) = preSolution
		HideSolutionNode = FALSE
	EndGlobalSection
	GlobalSection(ExtensibilityGlobals) = postSolution
		SolutionGuid = {DD9E93BE-9ABC-49E0-9AC8-AF42930F5F3C}
	EndGlobalSection
EndGlobal
