
Microsoft Visual Studio Solution File, Format Version 12.00
# Visual Studio Version 16
VisualStudioVersion = 16.0.31729.503
MinimumVisualStudioVersion = 10.0.40219.1
Project("{FAE04EC0-301F-11D3-BF4B-00C04F79EFBC}") = "LongestPalindromeSubseq", "LongestPalindromeSubseq\LongestPalindromeSubseq.csproj", "{7285E7A6-1812-4D35-A376-4310078D2E51}"
EndProject
Global
	GlobalSection(SolutionConfigurationPlatforms) = preSolution
		Debug|Any CPU = Debug|Any CPU
		Release|Any CPU = Release|Any CPU
	EndGlobalSection
	GlobalSection(ProjectConfigurationPlatforms) = postSolution
		{7285E7A6-1812-4D35-A376-4310078D2E51}.Debug|Any CPU.ActiveCfg = Debug|Any CPU
		{7285E7A6-1812-4D35-A376-4310078D2E51}.Debug|Any CPU.Build.0 = Debug|Any CPU
		{7285E7A6-1812-4D35-A376-4310078D2E51}.Release|Any CPU.ActiveCfg = Release|Any CPU
		{7285E7A6-1812-4D35-A376-4310078D2E51}.Release|Any CPU.Build.0 = Release|Any CPU
	EndGlobalSection
	GlobalSection(SolutionProperties) = preSolution
		HideSolutionNode = FALSE
	EndGlobalSection
	GlobalSection(ExtensibilityGlobals) = postSolution
		SolutionGuid = {84E9EFC4-C4CA-4ED9-A055-95890C60A1BC}
	EndGlobalSection
EndGlobal
