
Microsoft Visual Studio Solution File, Format Version 12.00
# Visual Studio Version 16
VisualStudioVersion = 16.0.31729.503
MinimumVisualStudioVersion = 10.0.40219.1
Project("{FAE04EC0-301F-11D3-BF4B-00C04F79EFBC}") = "DeleteNodeFromBeginning", "DeleteNodeFromBeginning\DeleteNodeFromBeginning.csproj", "{E055F93C-40A0-4820-BF7F-1734D46E35C7}"
EndProject
Global
	GlobalSection(SolutionConfigurationPlatforms) = preSolution
		Debug|Any CPU = Debug|Any CPU
		Release|Any CPU = Release|Any CPU
	EndGlobalSection
	GlobalSection(ProjectConfigurationPlatforms) = postSolution
		{E055F93C-40A0-4820-BF7F-1734D46E35C7}.Debug|Any CPU.ActiveCfg = Debug|Any CPU
		{E055F93C-40A0-4820-BF7F-1734D46E35C7}.Debug|Any CPU.Build.0 = Debug|Any CPU
		{E055F93C-40A0-4820-BF7F-1734D46E35C7}.Release|Any CPU.ActiveCfg = Release|Any CPU
		{E055F93C-40A0-4820-BF7F-1734D46E35C7}.Release|Any CPU.Build.0 = Release|Any CPU
	EndGlobalSection
	GlobalSection(SolutionProperties) = preSolution
		HideSolutionNode = FALSE
	EndGlobalSection
	GlobalSection(ExtensibilityGlobals) = postSolution
		SolutionGuid = {E10033BB-BE8B-486C-97E3-732B81197F6B}
	EndGlobalSection
EndGlobal
