
Microsoft Visual Studio Solution File, Format Version 12.00
# Visual Studio Version 16
VisualStudioVersion = 16.0.31729.503
MinimumVisualStudioVersion = 10.0.40219.1
Project("{FAE04EC0-301F-11D3-BF4B-00C04F79EFBC}") = "GetIntersectionNode", "GetIntersectionNode\GetIntersectionNode.csproj", "{138228CE-B125-4C51-A437-9A5BBCE97B9D}"
EndProject
Global
	GlobalSection(SolutionConfigurationPlatforms) = preSolution
		Debug|Any CPU = Debug|Any CPU
		Release|Any CPU = Release|Any CPU
	EndGlobalSection
	GlobalSection(ProjectConfigurationPlatforms) = postSolution
		{138228CE-B125-4C51-A437-9A5BBCE97B9D}.Debug|Any CPU.ActiveCfg = Debug|Any CPU
		{138228CE-B125-4C51-A437-9A5BBCE97B9D}.Debug|Any CPU.Build.0 = Debug|Any CPU
		{138228CE-B125-4C51-A437-9A5BBCE97B9D}.Release|Any CPU.ActiveCfg = Release|Any CPU
		{138228CE-B125-4C51-A437-9A5BBCE97B9D}.Release|Any CPU.Build.0 = Release|Any CPU
	EndGlobalSection
	GlobalSection(SolutionProperties) = preSolution
		HideSolutionNode = FALSE
	EndGlobalSection
	GlobalSection(ExtensibilityGlobals) = postSolution
		SolutionGuid = {F2547FCF-446A-43C7-AE97-A0546FFF4945}
	EndGlobalSection
EndGlobal
