
Microsoft Visual Studio Solution File, Format Version 12.00
# Visual Studio Version 16
VisualStudioVersion = 16.0.31729.503
MinimumVisualStudioVersion = 10.0.40219.1
Project("{FAE04EC0-301F-11D3-BF4B-00C04F79EFBC}") = "HeightChecker", "HeightChecker\HeightChecker.csproj", "{EA2BBA08-98D4-4573-A689-0C4AA48FBA6C}"
EndProject
Global
	GlobalSection(SolutionConfigurationPlatforms) = preSolution
		Debug|Any CPU = Debug|Any CPU
		Release|Any CPU = Release|Any CPU
	EndGlobalSection
	GlobalSection(ProjectConfigurationPlatforms) = postSolution
		{EA2BBA08-98D4-4573-A689-0C4AA48FBA6C}.Debug|Any CPU.ActiveCfg = Debug|Any CPU
		{EA2BBA08-98D4-4573-A689-0C4AA48FBA6C}.Debug|Any CPU.Build.0 = Debug|Any CPU
		{EA2BBA08-98D4-4573-A689-0C4AA48FBA6C}.Release|Any CPU.ActiveCfg = Release|Any CPU
		{EA2BBA08-98D4-4573-A689-0C4AA48FBA6C}.Release|Any CPU.Build.0 = Release|Any CPU
	EndGlobalSection
	GlobalSection(SolutionProperties) = preSolution
		HideSolutionNode = FALSE
	EndGlobalSection
	GlobalSection(ExtensibilityGlobals) = postSolution
		SolutionGuid = {C48EB5E3-BC29-498D-BF9F-A111820BD5C9}
	EndGlobalSection
EndGlobal
