
Microsoft Visual Studio Solution File, Format Version 12.00
# Visual Studio Version 16
VisualStudioVersion = 16.0.31729.503
MinimumVisualStudioVersion = 10.0.40219.1
Project("{FAE04EC0-301F-11D3-BF4B-00C04F79EFBC}") = "HasCycle", "HasCycle\HasCycle.csproj", "{A275C182-26DA-46DA-A5F1-B78C3CDF0F5D}"
EndProject
Global
	GlobalSection(SolutionConfigurationPlatforms) = preSolution
		Debug|Any CPU = Debug|Any CPU
		Release|Any CPU = Release|Any CPU
	EndGlobalSection
	GlobalSection(ProjectConfigurationPlatforms) = postSolution
		{A275C182-26DA-46DA-A5F1-B78C3CDF0F5D}.Debug|Any CPU.ActiveCfg = Debug|Any CPU
		{A275C182-26DA-46DA-A5F1-B78C3CDF0F5D}.Debug|Any CPU.Build.0 = Debug|Any CPU
		{A275C182-26DA-46DA-A5F1-B78C3CDF0F5D}.Release|Any CPU.ActiveCfg = Release|Any CPU
		{A275C182-26DA-46DA-A5F1-B78C3CDF0F5D}.Release|Any CPU.Build.0 = Release|Any CPU
	EndGlobalSection
	GlobalSection(SolutionProperties) = preSolution
		HideSolutionNode = FALSE
	EndGlobalSection
	GlobalSection(ExtensibilityGlobals) = postSolution
		SolutionGuid = {C95878C8-5BAF-48E9-8545-C7D2CB9D7BBD}
	EndGlobalSection
EndGlobal
