
Microsoft Visual Studio Solution File, Format Version 12.00
# Visual Studio Version 17
VisualStudioVersion = 17.7.34221.43
MinimumVisualStudioVersion = 10.0.40219.1
Project("{FAE04EC0-301F-11D3-BF4B-00C04F79EFBC}") = "DesignHashMap", "DesignHashMap.csproj", "{1DCB57A3-9BB9-436D-A076-E1FB6ADC4749}"
EndProject
Global
	GlobalSection(SolutionConfigurationPlatforms) = preSolution
		Debug|Any CPU = Debug|Any CPU
		Release|Any CPU = Release|Any CPU
	EndGlobalSection
	GlobalSection(ProjectConfigurationPlatforms) = postSolution
		{1DCB57A3-9BB9-436D-A076-E1FB6ADC4749}.Debug|Any CPU.ActiveCfg = Debug|Any CPU
		{1DCB57A3-9BB9-436D-A076-E1FB6ADC4749}.Debug|Any CPU.Build.0 = Debug|Any CPU
		{1DCB57A3-9BB9-436D-A076-E1FB6ADC4749}.Release|Any CPU.ActiveCfg = Release|Any CPU
		{1DCB57A3-9BB9-436D-A076-E1FB6ADC4749}.Release|Any CPU.Build.0 = Release|Any CPU
	EndGlobalSection
	GlobalSection(SolutionProperties) = preSolution
		HideSolutionNode = FALSE
	EndGlobalSection
	GlobalSection(ExtensibilityGlobals) = postSolution
		SolutionGuid = {A62F67B5-ED39-44A2-965B-5430DCC8214B}
	EndGlobalSection
EndGlobal
