
Microsoft Visual Studio Solution File, Format Version 12.00
# Visual Studio Version 16
VisualStudioVersion = 16.0.31729.503
MinimumVisualStudioVersion = 10.0.40219.1
Project("{FAE04EC0-301F-11D3-BF4B-00C04F79EFBC}") = "DetectCycle", "DetectCycle\DetectCycle.csproj", "{6F8BB481-9A51-40B4-9B91-90D1E32C7518}"
EndProject
Global
	GlobalSection(SolutionConfigurationPlatforms) = preSolution
		Debug|Any CPU = Debug|Any CPU
		Release|Any CPU = Release|Any CPU
	EndGlobalSection
	GlobalSection(ProjectConfigurationPlatforms) = postSolution
		{6F8BB481-9A51-40B4-9B91-90D1E32C7518}.Debug|Any CPU.ActiveCfg = Debug|Any CPU
		{6F8BB481-9A51-40B4-9B91-90D1E32C7518}.Debug|Any CPU.Build.0 = Debug|Any CPU
		{6F8BB481-9A51-40B4-9B91-90D1E32C7518}.Release|Any CPU.ActiveCfg = Release|Any CPU
		{6F8BB481-9A51-40B4-9B91-90D1E32C7518}.Release|Any CPU.Build.0 = Release|Any CPU
	EndGlobalSection
	GlobalSection(SolutionProperties) = preSolution
		HideSolutionNode = FALSE
	EndGlobalSection
	GlobalSection(ExtensibilityGlobals) = postSolution
		SolutionGuid = {2FEA77CD-13B4-481D-BD55-E6144940224E}
	EndGlobalSection
EndGlobal
