
Microsoft Visual Studio Solution File, Format Version 12.00
# Visual Studio Version 16
VisualStudioVersion = 16.0.31729.503
MinimumVisualStudioVersion = 10.0.40219.1
Project("{FAE04EC0-301F-11D3-BF4B-00C04F79EFBC}") = "RunningSum", "RunningSum\RunningSum.csproj", "{FE16527A-3665-45B5-912D-A926F5CDE007}"
EndProject
Global
	GlobalSection(SolutionConfigurationPlatforms) = preSolution
		Debug|Any CPU = Debug|Any CPU
		Release|Any CPU = Release|Any CPU
	EndGlobalSection
	GlobalSection(ProjectConfigurationPlatforms) = postSolution
		{FE16527A-3665-45B5-912D-A926F5CDE007}.Debug|Any CPU.ActiveCfg = Debug|Any CPU
		{FE16527A-3665-45B5-912D-A926F5CDE007}.Debug|Any CPU.Build.0 = Debug|Any CPU
		{FE16527A-3665-45B5-912D-A926F5CDE007}.Release|Any CPU.ActiveCfg = Release|Any CPU
		{FE16527A-3665-45B5-912D-A926F5CDE007}.Release|Any CPU.Build.0 = Release|Any CPU
	EndGlobalSection
	GlobalSection(SolutionProperties) = preSolution
		HideSolutionNode = FALSE
	EndGlobalSection
	GlobalSection(ExtensibilityGlobals) = postSolution
		SolutionGuid = {4A124D93-9939-4EC0-88C9-E672062207CB}
	EndGlobalSection
EndGlobal
