
Microsoft Visual Studio Solution File, Format Version 12.00
# Visual Studio Version 17
VisualStudioVersion = 17.7.34221.43
MinimumVisualStudioVersion = 10.0.40219.1
Project("{FAE04EC0-301F-11D3-BF4B-00C04F79EFBC}") = "HappyNumber", "HappyNumber.csproj", "{B29FB10D-A9DF-4395-95D2-A37F76B24203}"
EndProject
Global
	GlobalSection(SolutionConfigurationPlatforms) = preSolution
		Debug|Any CPU = Debug|Any CPU
		Release|Any CPU = Release|Any CPU
	EndGlobalSection
	GlobalSection(ProjectConfigurationPlatforms) = postSolution
		{B29FB10D-A9DF-4395-95D2-A37F76B24203}.Debug|Any CPU.ActiveCfg = Debug|Any CPU
		{B29FB10D-A9DF-4395-95D2-A37F76B24203}.Debug|Any CPU.Build.0 = Debug|Any CPU
		{B29FB10D-A9DF-4395-95D2-A37F76B24203}.Release|Any CPU.ActiveCfg = Release|Any CPU
		{B29FB10D-A9DF-4395-95D2-A37F76B24203}.Release|Any CPU.Build.0 = Release|Any CPU
	EndGlobalSection
	GlobalSection(SolutionProperties) = preSolution
		HideSolutionNode = FALSE
	EndGlobalSection
	GlobalSection(ExtensibilityGlobals) = postSolution
		SolutionGuid = {95CF51DE-53ED-47F1-9064-0223B8A3C8CC}
	EndGlobalSection
EndGlobal
