
Microsoft Visual Studio Solution File, Format Version 12.00
# Visual Studio Version 16
VisualStudioVersion = 16.0.31729.503
MinimumVisualStudioVersion = 10.0.40219.1
Project("{FAE04EC0-301F-11D3-BF4B-00C04F79EFBC}") = "TwoSum", "TwoSum\TwoSum.csproj", "{55C82A97-5CF5-4C92-A05C-860FE19D92BD}"
EndProject
Global
	GlobalSection(SolutionConfigurationPlatforms) = preSolution
		Debug|Any CPU = Debug|Any CPU
		Release|Any CPU = Release|Any CPU
	EndGlobalSection
	GlobalSection(ProjectConfigurationPlatforms) = postSolution
		{55C82A97-5CF5-4C92-A05C-860FE19D92BD}.Debug|Any CPU.ActiveCfg = Debug|Any CPU
		{55C82A97-5CF5-4C92-A05C-860FE19D92BD}.Debug|Any CPU.Build.0 = Debug|Any CPU
		{55C82A97-5CF5-4C92-A05C-860FE19D92BD}.Release|Any CPU.ActiveCfg = Release|Any CPU
		{55C82A97-5CF5-4C92-A05C-860FE19D92BD}.Release|Any CPU.Build.0 = Release|Any CPU
	EndGlobalSection
	GlobalSection(SolutionProperties) = preSolution
		HideSolutionNode = FALSE
	EndGlobalSection
	GlobalSection(ExtensibilityGlobals) = postSolution
		SolutionGuid = {1C415F66-C948-465B-93FB-5A0AECFDB823}
	EndGlobalSection
EndGlobal
