
Microsoft Visual Studio Solution File, Format Version 12.00
# Visual Studio Version 16
VisualStudioVersion = 16.0.31729.503
MinimumVisualStudioVersion = 10.0.40219.1
Project("{FAE04EC0-301F-11D3-BF4B-00C04F79EFBC}") = "ThirdMax", "ThirdMax\ThirdMax.csproj", "{410863E1-CAE8-42B8-8C5D-480FE43F9F1E}"
EndProject
Global
	GlobalSection(SolutionConfigurationPlatforms) = preSolution
		Debug|Any CPU = Debug|Any CPU
		Release|Any CPU = Release|Any CPU
	EndGlobalSection
	GlobalSection(ProjectConfigurationPlatforms) = postSolution
		{410863E1-CAE8-42B8-8C5D-480FE43F9F1E}.Debug|Any CPU.ActiveCfg = Debug|Any CPU
		{410863E1-CAE8-42B8-8C5D-480FE43F9F1E}.Debug|Any CPU.Build.0 = Debug|Any CPU
		{410863E1-CAE8-42B8-8C5D-480FE43F9F1E}.Release|Any CPU.ActiveCfg = Release|Any CPU
		{410863E1-CAE8-42B8-8C5D-480FE43F9F1E}.Release|Any CPU.Build.0 = Release|Any CPU
	EndGlobalSection
	GlobalSection(SolutionProperties) = preSolution
		HideSolutionNode = FALSE
	EndGlobalSection
	GlobalSection(ExtensibilityGlobals) = postSolution
		SolutionGuid = {E89365EC-CEB2-4CA4-8071-FA591275A415}
	EndGlobalSection
EndGlobal
