
Microsoft Visual Studio Solution File, Format Version 12.00
# Visual Studio Version 16
VisualStudioVersion = 16.0.31729.503
MinimumVisualStudioVersion = 10.0.40219.1
Project("{FAE04EC0-301F-11D3-BF4B-00C04F79EFBC}") = "MyDoublyLinkedList", "MyDoublyLinkedList\MyDoublyLinkedList.csproj", "{EC7AB15A-19DA-49F9-B872-60F4F2DCF908}"
EndProject
Global
	GlobalSection(SolutionConfigurationPlatforms) = preSolution
		Debug|Any CPU = Debug|Any CPU
		Release|Any CPU = Release|Any CPU
	EndGlobalSection
	GlobalSection(ProjectConfigurationPlatforms) = postSolution
		{EC7AB15A-19DA-49F9-B872-60F4F2DCF908}.Debug|Any CPU.ActiveCfg = Debug|Any CPU
		{EC7AB15A-19DA-49F9-B872-60F4F2DCF908}.Debug|Any CPU.Build.0 = Debug|Any CPU
		{EC7AB15A-19DA-49F9-B872-60F4F2DCF908}.Release|Any CPU.ActiveCfg = Release|Any CPU
		{EC7AB15A-19DA-49F9-B872-60F4F2DCF908}.Release|Any CPU.Build.0 = Release|Any CPU
	EndGlobalSection
	GlobalSection(SolutionProperties) = preSolution
		HideSolutionNode = FALSE
	EndGlobalSection
	GlobalSection(ExtensibilityGlobals) = postSolution
		SolutionGuid = {293CDE70-6006-4D35-963A-99FF8B5934F5}
	EndGlobalSection
EndGlobal
