
Microsoft Visual Studio Solution File, Format Version 12.00
# Visual Studio Version 16
VisualStudioVersion = 16.0.31729.503
MinimumVisualStudioVersion = 10.0.40219.1
Project("{FAE04EC0-301F-11D3-BF4B-00C04F79EFBC}") = "AppendCharacters", "AppendCharacters\AppendCharacters.csproj", "{817230EE-B3EC-4EF0-9526-DE2E95CDFA2D}"
EndProject
Global
	GlobalSection(SolutionConfigurationPlatforms) = preSolution
		Debug|Any CPU = Debug|Any CPU
		Release|Any CPU = Release|Any CPU
	EndGlobalSection
	GlobalSection(ProjectConfigurationPlatforms) = postSolution
		{817230EE-B3EC-4EF0-9526-DE2E95CDFA2D}.Debug|Any CPU.ActiveCfg = Debug|Any CPU
		{817230EE-B3EC-4EF0-9526-DE2E95CDFA2D}.Debug|Any CPU.Build.0 = Debug|Any CPU
		{817230EE-B3EC-4EF0-9526-DE2E95CDFA2D}.Release|Any CPU.ActiveCfg = Release|Any CPU
		{817230EE-B3EC-4EF0-9526-DE2E95CDFA2D}.Release|Any CPU.Build.0 = Release|Any CPU
	EndGlobalSection
	GlobalSection(SolutionProperties) = preSolution
		HideSolutionNode = FALSE
	EndGlobalSection
	GlobalSection(ExtensibilityGlobals) = postSolution
		SolutionGuid = {1C2C2806-6C6C-4230-8095-F57C20CC6DA3}
	EndGlobalSection
EndGlobal
